
Microsoft Visual Studio Solution File, Format Version 12.00
# Visual Studio Version 16
VisualStudioVersion = 16.0.32106.194
MinimumVisualStudioVersion = 10.0.40219.1
Project("{FAE04EC0-301F-11D3-BF4B-00C04F79EFBC}") = "ApiDemo", "ApiDemo\ApiDemo.csproj", "{47816820-922F-4D6C-82E1-D86FD78B495F}"
EndProject
Project("{FAE04EC0-301F-11D3-BF4B-00C04F79EFBC}") = "WebClientApp", "WebClientApp\WebClientApp.csproj", "{CC3F7ECB-1F1E-4DC6-8AEA-8D696A6E2BD0}"
EndProject
Global
	GlobalSection(SolutionConfigurationPlatforms) = preSolution
		Debug|Any CPU = Debug|Any CPU
		Release|Any CPU = Release|Any CPU
	EndGlobalSection
	GlobalSection(ProjectConfigurationPlatforms) = postSolution
		{47816820-922F-4D6C-82E1-D86FD78B495F}.Debug|Any CPU.ActiveCfg = Debug|Any CPU
		{47816820-922F-4D6C-82E1-D86FD78B495F}.Debug|Any CPU.Build.0 = Debug|Any CPU
		{47816820-922F-4D6C-82E1-D86FD78B495F}.Release|Any CPU.ActiveCfg = Release|Any CPU
		{47816820-922F-4D6C-82E1-D86FD78B495F}.Release|Any CPU.Build.0 = Release|Any CPU
		{CC3F7ECB-1F1E-4DC6-8AEA-8D696A6E2BD0}.Debug|Any CPU.ActiveCfg = Debug|Any CPU
		{CC3F7ECB-1F1E-4DC6-8AEA-8D696A6E2BD0}.Debug|Any CPU.Build.0 = Debug|Any CPU
		{CC3F7ECB-1F1E-4DC6-8AEA-8D696A6E2BD0}.Release|Any CPU.ActiveCfg = Release|Any CPU
		{CC3F7ECB-1F1E-4DC6-8AEA-8D696A6E2BD0}.Release|Any CPU.Build.0 = Release|Any CPU
	EndGlobalSection
	GlobalSection(SolutionProperties) = preSolution
		HideSolutionNode = FALSE
	EndGlobalSection
	GlobalSection(ExtensibilityGlobals) = postSolution
		SolutionGuid = {B8982441-F983-47EA-890C-4FA7103983A2}
	EndGlobalSection
EndGlobal
